
Microsoft Visual Studio Solution File, Format Version 12.00
# Visual Studio Version 17
VisualStudioVersion = 17.4.33213.308
MinimumVisualStudioVersion = 10.0.40219.1
Project("{FAE04EC0-301F-11D3-BF4B-00C04F79EFBC}") = "LambdaExpressionClassTask1", "LambdaExpressionClassTask1.csproj", "{00ACAB98-61A0-4B96-B9A1-C83EC72A4901}"
EndProject
Global
	GlobalSection(SolutionConfigurationPlatforms) = preSolution
		Debug|Any CPU = Debug|Any CPU
		Release|Any CPU = Release|Any CPU
	EndGlobalSection
	GlobalSection(ProjectConfigurationPlatforms) = postSolution
		{00ACAB98-61A0-4B96-B9A1-C83EC72A4901}.Debug|Any CPU.ActiveCfg = Debug|Any CPU
		{00ACAB98-61A0-4B96-B9A1-C83EC72A4901}.Debug|Any CPU.Build.0 = Debug|Any CPU
		{00ACAB98-61A0-4B96-B9A1-C83EC72A4901}.Release|Any CPU.ActiveCfg = Release|Any CPU
		{00ACAB98-61A0-4B96-B9A1-C83EC72A4901}.Release|Any CPU.Build.0 = Release|Any CPU
	EndGlobalSection
	GlobalSection(SolutionProperties) = preSolution
		HideSolutionNode = FALSE
	EndGlobalSection
	GlobalSection(ExtensibilityGlobals) = postSolution
		SolutionGuid = {C17FFFD6-6A76-4F1B-9AF6-493A57248FC7}
	EndGlobalSection
EndGlobal
